
Microsoft Visual Studio Solution File, Format Version 12.00
# Visual Studio Version 18
VisualStudioVersion = 18.7.11903.348
MinimumVisualStudioVersion = 10.0.40219.1
Project("{FAE04EC0-301F-11D3-BF4B-00C04F79EFBC}") = "BE", "Artemisapp_BE\BE.csproj", "{AE77D77C-820C-4F99-801E-554DA13676C3}"
EndProject
Project("{FAE04EC0-301F-11D3-BF4B-00C04F79EFBC}") = "BLL", "Artemisapp_BLL\BLL.csproj", "{1700D039-AD41-4E77-B589-F2419867A32D}"
EndProject
Project("{FAE04EC0-301F-11D3-BF4B-00C04F79EFBC}") = "DAL", "Artemisapp_DAL\DAL.csproj", "{27B60338-2661-45FC-881A-BF09AAF4C074}"
EndProject
Project("{FAE04EC0-301F-11D3-BF4B-00C04F79EFBC}") = "UX", "Artemisapp_UX\UX.csproj", "{C0A9331B-1E26-4544-B97E-1FE7DE514817}"
EndProject
Project("{FAE04EC0-301F-11D3-BF4B-00C04F79EFBC}") = "MPP", "Artemisapp_MPP\MPP.csproj", "{DA4395CB-3024-4610-A1AD-CEBE43BD1848}"
EndProject
Project("{FAE04EC0-301F-11D3-BF4B-00C04F79EFBC}") = "SEGURIDAD", "SEGURIDAD\SEGURIDAD.csproj", "{F1566B5A-4185-4B8A-AA24-47F42AE42EC3}"
EndProject
Global
	GlobalSection(SolutionConfigurationPlatforms) = preSolution
		Debug|Any CPU = Debug|Any CPU
		Release|Any CPU = Release|Any CPU
	EndGlobalSection
	GlobalSection(ProjectConfigurationPlatforms) = postSolution
		{AE77D77C-820C-4F99-801E-554DA13676C3}.Debug|Any CPU.ActiveCfg = Debug|Any CPU
		{AE77D77C-820C-4F99-801E-554DA13676C3}.Debug|Any CPU.Build.0 = Debug|Any CPU
		{AE77D77C-820C-4F99-801E-554DA13676C3}.Release|Any CPU.ActiveCfg = Release|Any CPU
		{AE77D77C-820C-4F99-801E-554DA13676C3}.Release|Any CPU.Build.0 = Release|Any CPU
		{1700D039-AD41-4E77-B589-F2419867A32D}.Debug|Any CPU.ActiveCfg = Debug|Any CPU
		{1700D039-AD41-4E77-B589-F2419867A32D}.Debug|Any CPU.Build.0 = Debug|Any CPU
		{1700D039-AD41-4E77-B589-F2419867A32D}.Release|Any CPU.ActiveCfg = Release|Any CPU
		{1700D039-AD41-4E77-B589-F2419867A32D}.Release|Any CPU.Build.0 = Release|Any CPU
		{27B60338-2661-45FC-881A-BF09AAF4C074}.Debug|Any CPU.ActiveCfg = Debug|Any CPU
		{27B60338-2661-45FC-881A-BF09AAF4C074}.Debug|Any CPU.Build.0 = Debug|Any CPU
		{27B60338-2661-45FC-881A-BF09AAF4C074}.Release|Any CPU.ActiveCfg = Release|Any CPU
		{27B60338-2661-45FC-881A-BF09AAF4C074}.Release|Any CPU.Build.0 = Release|Any CPU
		{C0A9331B-1E26-4544-B97E-1FE7DE514817}.Debug|Any CPU.ActiveCfg = Debug|Any CPU
		{C0A9331B-1E26-4544-B97E-1FE7DE514817}.Debug|Any CPU.Build.0 = Debug|Any CPU
		{C0A9331B-1E26-4544-B97E-1FE7DE514817}.Release|Any CPU.ActiveCfg = Release|Any CPU
		{C0A9331B-1E26-4544-B97E-1FE7DE514817}.Release|Any CPU.Build.0 = Release|Any CPU
		{DA4395CB-3024-4610-A1AD-CEBE43BD1848}.Debug|Any CPU.ActiveCfg = Debug|Any CPU
		{DA4395CB-3024-4610-A1AD-CEBE43BD1848}.Debug|Any CPU.Build.0 = Debug|Any CPU
		{DA4395CB-3024-4610-A1AD-CEBE43BD1848}.Release|Any CPU.ActiveCfg = Release|Any CPU
		{DA4395CB-3024-4610-A1AD-CEBE43BD1848}.Release|Any CPU.Build.0 = Release|Any CPU
		{F1566B5A-4185-4B8A-AA24-47F42AE42EC3}.Debug|Any CPU.ActiveCfg = Debug|Any CPU
		{F1566B5A-4185-4B8A-AA24-47F42AE42EC3}.Debug|Any CPU.Build.0 = Debug|Any CPU
		{F1566B5A-4185-4B8A-AA24-47F42AE42EC3}.Release|Any CPU.ActiveCfg = Release|Any CPU
		{F1566B5A-4185-4B8A-AA24-47F42AE42EC3}.Release|Any CPU.Build.0 = Release|Any CPU
	EndGlobalSection
	GlobalSection(SolutionProperties) = preSolution
		HideSolutionNode = FALSE
	EndGlobalSection
	GlobalSection(ExtensibilityGlobals) = postSolution
		SolutionGuid = {9AAC1DE0-AD00-4103-8140-2CFF79AA85D7}
	EndGlobalSection
EndGlobal
